
Microsoft Visual Studio Solution File, Format Version 12.00
# Visual Studio 15
VisualStudioVersion = 15.0.27428.2037
MinimumVisualStudioVersion = 10.0.40219.1
Project("{FAE04EC0-301F-11D3-BF4B-00C04F79EFBC}") = "TesteCit", "TesteCit\TesteCit.csproj", "{C303B46C-E0E6-492D-B22D-350E40758E94}"
EndProject
Global
	GlobalSection(SolutionConfigurationPlatforms) = preSolution
		Debug|Any CPU = Debug|Any CPU
		Release|Any CPU = Release|Any CPU
	EndGlobalSection
	GlobalSection(ProjectConfigurationPlatforms) = postSolution
		{C303B46C-E0E6-492D-B22D-350E40758E94}.Debug|Any CPU.ActiveCfg = Debug|Any CPU
		{C303B46C-E0E6-492D-B22D-350E40758E94}.Debug|Any CPU.Build.0 = Debug|Any CPU
		{C303B46C-E0E6-492D-B22D-350E40758E94}.Release|Any CPU.ActiveCfg = Release|Any CPU
		{C303B46C-E0E6-492D-B22D-350E40758E94}.Release|Any CPU.Build.0 = Release|Any CPU
	EndGlobalSection
	GlobalSection(SolutionProperties) = preSolution
		HideSolutionNode = FALSE
	EndGlobalSection
	GlobalSection(ExtensibilityGlobals) = postSolution
		SolutionGuid = {4C002B03-8373-48B8-BCA1-C5A9F701989D}
	EndGlobalSection
EndGlobal
